
Microsoft Visual Studio Solution File, Format Version 12.00
# Visual Studio Version 17
VisualStudioVersion = 17.1.32210.238
MinimumVisualStudioVersion = 10.0.40219.1
Project("{FAE04EC0-301F-11D3-BF4B-00C04F79EFBC}") = "TransactionService.API", "TransactionService.API\TransactionService.API.csproj", "{0FD7AF66-A463-42B1-934C-A8EB96C3F7CA}"
EndProject
Project("{FAE04EC0-301F-11D3-BF4B-00C04F79EFBC}") = "TransactionService.Common", "TransactionService.Common\TransactionService.Common.csproj", "{01474EEA-A247-4AAE-973B-814E4D8140D0}"
EndProject
Project("{FAE04EC0-301F-11D3-BF4B-00C04F79EFBC}") = "TransactionService.Data", "TransactionService.Data\TransactionService.Data.csproj", "{465F3522-F376-41F0-B80C-7009593D5798}"
EndProject
Project("{FAE04EC0-301F-11D3-BF4B-00C04F79EFBC}") = "TransactionService.DTO", "TransactionService.DTO\TransactionService.DTO.csproj", "{8D6BF0ED-3DDC-45FD-81E4-7E0802D5E3F0}"
EndProject
Project("{FAE04EC0-301F-11D3-BF4B-00C04F79EFBC}") = "TransactionService.Logic", "TransactionService.Logic\TransactionService.Logic.csproj", "{0937269E-F95C-42B2-9B2C-87DF7E2D2D5A}"
EndProject
Project("{FAE04EC0-301F-11D3-BF4B-00C04F79EFBC}") = "TransactionService.Database", "TransactionService.Database\TransactionService.Database.csproj", "{81E20AFD-F95E-4614-BEB4-F15CE2B2E9E3}"
EndProject
Global
	GlobalSection(SolutionConfigurationPlatforms) = preSolution
		Debug|Any CPU = Debug|Any CPU
		Release|Any CPU = Release|Any CPU
	EndGlobalSection
	GlobalSection(ProjectConfigurationPlatforms) = postSolution
		{0FD7AF66-A463-42B1-934C-A8EB96C3F7CA}.Debug|Any CPU.ActiveCfg = Debug|Any CPU
		{0FD7AF66-A463-42B1-934C-A8EB96C3F7CA}.Debug|Any CPU.Build.0 = Debug|Any CPU
		{0FD7AF66-A463-42B1-934C-A8EB96C3F7CA}.Release|Any CPU.ActiveCfg = Release|Any CPU
		{0FD7AF66-A463-42B1-934C-A8EB96C3F7CA}.Release|Any CPU.Build.0 = Release|Any CPU
		{01474EEA-A247-4AAE-973B-814E4D8140D0}.Debug|Any CPU.ActiveCfg = Debug|Any CPU
		{01474EEA-A247-4AAE-973B-814E4D8140D0}.Debug|Any CPU.Build.0 = Debug|Any CPU
		{01474EEA-A247-4AAE-973B-814E4D8140D0}.Release|Any CPU.ActiveCfg = Release|Any CPU
		{01474EEA-A247-4AAE-973B-814E4D8140D0}.Release|Any CPU.Build.0 = Release|Any CPU
		{465F3522-F376-41F0-B80C-7009593D5798}.Debug|Any CPU.ActiveCfg = Debug|Any CPU
		{465F3522-F376-41F0-B80C-7009593D5798}.Debug|Any CPU.Build.0 = Debug|Any CPU
		{465F3522-F376-41F0-B80C-7009593D5798}.Release|Any CPU.ActiveCfg = Release|Any CPU
		{465F3522-F376-41F0-B80C-7009593D5798}.Release|Any CPU.Build.0 = Release|Any CPU
		{8D6BF0ED-3DDC-45FD-81E4-7E0802D5E3F0}.Debug|Any CPU.ActiveCfg = Debug|Any CPU
		{8D6BF0ED-3DDC-45FD-81E4-7E0802D5E3F0}.Debug|Any CPU.Build.0 = Debug|Any CPU
		{8D6BF0ED-3DDC-45FD-81E4-7E0802D5E3F0}.Release|Any CPU.ActiveCfg = Release|Any CPU
		{8D6BF0ED-3DDC-45FD-81E4-7E0802D5E3F0}.Release|Any CPU.Build.0 = Release|Any CPU
		{0937269E-F95C-42B2-9B2C-87DF7E2D2D5A}.Debug|Any CPU.ActiveCfg = Debug|Any CPU
		{0937269E-F95C-42B2-9B2C-87DF7E2D2D5A}.Debug|Any CPU.Build.0 = Debug|Any CPU
		{0937269E-F95C-42B2-9B2C-87DF7E2D2D5A}.Release|Any CPU.ActiveCfg = Release|Any CPU
		{0937269E-F95C-42B2-9B2C-87DF7E2D2D5A}.Release|Any CPU.Build.0 = Release|Any CPU
		{81E20AFD-F95E-4614-BEB4-F15CE2B2E9E3}.Debug|Any CPU.ActiveCfg = Debug|Any CPU
		{81E20AFD-F95E-4614-BEB4-F15CE2B2E9E3}.Debug|Any CPU.Build.0 = Debug|Any CPU
		{81E20AFD-F95E-4614-BEB4-F15CE2B2E9E3}.Release|Any CPU.ActiveCfg = Release|Any CPU
		{81E20AFD-F95E-4614-BEB4-F15CE2B2E9E3}.Release|Any CPU.Build.0 = Release|Any CPU
	EndGlobalSection
	GlobalSection(SolutionProperties) = preSolution
		HideSolutionNode = FALSE
	EndGlobalSection
	GlobalSection(ExtensibilityGlobals) = postSolution
		SolutionGuid = {075F566E-6C42-4C8B-A659-BE1807449E65}
	EndGlobalSection
EndGlobal
